// !$*UTF8*$!
{
	archiveVersion = 1;
	classes = {
	};
	objectVersion = 48;
	objects = {

/* Begin PBXBuildFile section */
		FA0D1A0A202C729F00EA4482 /* Ball.swift in Sources */ = {isa = PBXBuildFile; fileRef = FA0D1A09202C729F00EA4482 /* Ball.swift */; };
		FA0D1A0E202C75EF00EA4482 /* ShortestPathStep.swift in Sources */ = {isa = PBXBuildFile; fileRef = FA0D1A0D202C75EF00EA4482 /* ShortestPathStep.swift */; };
		FA17DABC2016892F009DAC71 /* BallView.swift in Sources */ = {isa = PBXBuildFile; fileRef = FA17DABB2016892F009DAC71 /* BallView.swift */; };
		FA5137D22013E81E00C17871 /* AppDelegate.swift in Sources */ = {isa = PBXBuildFile; fileRef = FA5137D12013E81E00C17871 /* AppDelegate.swift */; };
		FA5137D42013E81E00C17871 /* GameViewController.swift in Sources */ = {isa = PBXBuildFile; fileRef = FA5137D32013E81E00C17871 /* GameViewController.swift */; };
		FA5137D92013E81E00C17871 /* Assets.xcassets in Resources */ = {isa = PBXBuildFile; fileRef = FA5137D82013E81E00C17871 /* Assets.xcassets */; };
		FA5137DC2013E81E00C17871 /* LaunchScreen.storyboard in Resources */ = {isa = PBXBuildFile; fileRef = FA5137DA2013E81E00C17871 /* LaunchScreen.storyboard */; };
		FA614EEB201611E300BBE06A /* CellButton.swift in Sources */ = {isa = PBXBuildFile; fileRef = FA614EEA201611E300BBE06A /* CellButton.swift */; };
		FA614EED20162FA700BBE06A /* Board.swift in Sources */ = {isa = PBXBuildFile; fileRef = FA614EEC20162FA700BBE06A /* Board.swift */; };
		FAC9E846202C6B6200089C5D /* AStarPathfinder.swift in Sources */ = {isa = PBXBuildFile; fileRef = FAC9E845202C6B6200089C5D /* AStarPathfinder.swift */; };
		FAC9E848202C6DFF00089C5D /* Coordinates.swift in Sources */ = {isa = PBXBuildFile; fileRef = FAC9E847202C6DFF00089C5D /* Coordinates.swift */; };
		FACE9AC52015948900100679 /* Cell.swift in Sources */ = {isa = PBXBuildFile; fileRef = FACE9AC42015948900100679 /* Cell.swift */; };
		FACE9AC72015949F00100679 /* Extensions.swift in Sources */ = {isa = PBXBuildFile; fileRef = FACE9AC62015949F00100679 /* Extensions.swift */; };
		FACE9AC92015E55000100679 /* BoardView.swift in Sources */ = {isa = PBXBuildFile; fileRef = FACE9AC82015E55000100679 /* BoardView.swift */; };
/* End PBXBuildFile section */

/* Begin PBXFileReference section */
		FA0D1A09202C729F00EA4482 /* Ball.swift */ = {isa = PBXFileReference; lastKnownFileType = sourcecode.swift; path = Ball.swift; sourceTree = "<group>"; };
		FA0D1A0D202C75EF00EA4482 /* ShortestPathStep.swift */ = {isa = PBXFileReference; lastKnownFileType = sourcecode.swift; path = ShortestPathStep.swift; sourceTree = "<group>"; };
		FA17DABB2016892F009DAC71 /* BallView.swift */ = {isa = PBXFileReference; lastKnownFileType = sourcecode.swift; path = BallView.swift; sourceTree = "<group>"; };
		FA5137CE2013E81E00C17871 /* Line98.app */ = {isa = PBXFileReference; explicitFileType = wrapper.application; includeInIndex = 0; path = Line98.app; sourceTree = BUILT_PRODUCTS_DIR; };
		FA5137D12013E81E00C17871 /* AppDelegate.swift */ = {isa = PBXFileReference; lastKnownFileType = sourcecode.swift; path = AppDelegate.swift; sourceTree = "<group>"; };
		FA5137D32013E81E00C17871 /* GameViewController.swift */ = {isa = PBXFileReference; lastKnownFileType = sourcecode.swift; path = GameViewController.swift; sourceTree = "<group>"; };
		FA5137D82013E81E00C17871 /* Assets.xcassets */ = {isa = PBXFileReference; lastKnownFileType = folder.assetcatalog; path = Assets.xcassets; sourceTree = "<group>"; };
		FA5137DB2013E81E00C17871 /* Base */ = {isa = PBXFileReference; lastKnownFileType = file.storyboard; name = Base; path = Base.lproj/LaunchScreen.storyboard; sourceTree = "<group>"; };
		FA5137DD2013E81E00C17871 /* Info.plist */ = {isa = PBXFileReference; lastKnownFileType = text.plist.xml; path = Info.plist; sourceTree = "<group>"; };
		FA614EEA201611E300BBE06A /* CellButton.swift */ = {isa = PBXFileReference; lastKnownFileType = sourcecode.swift; path = CellButton.swift; sourceTree = "<group>"; };
		FA614EEC20162FA700BBE06A /* Board.swift */ = {isa = PBXFileReference; lastKnownFileType = sourcecode.swift; path = Board.swift; sourceTree = "<group>"; };
		FAC9E845202C6B6200089C5D /* AStarPathfinder.swift */ = {isa = PBXFileReference; lastKnownFileType = sourcecode.swift; path = AStarPathfinder.swift; sourceTree = "<group>"; };
		FAC9E847202C6DFF00089C5D /* Coordinates.swift */ = {isa = PBXFileReference; lastKnownFileType = sourcecode.swift; path = Coordinates.swift; sourceTree = "<group>"; };
		FACE9AC42015948900100679 /* Cell.swift */ = {isa = PBXFileReference; lastKnownFileType = sourcecode.swift; path = Cell.swift; sourceTree = "<group>"; };
		FACE9AC62015949F00100679 /* Extensions.swift */ = {isa = PBXFileReference; lastKnownFileType = sourcecode.swift; path = Extensions.swift; sourceTree = "<group>"; };
		FACE9AC82015E55000100679 /* BoardView.swift */ = {isa = PBXFileReference; lastKnownFileType = sourcecode.swift; path = BoardView.swift; sourceTree = "<group>"; };
/* End PBXFileReference section */

/* Begin PBXFrameworksBuildPhase section */
		FA5137CB2013E81E00C17871 /* Frameworks */ = {
			isa = PBXFrameworksBuildPhase;
			buildActionMask = 2147483647;
			files = (
			);
			runOnlyForDeploymentPostprocessing = 0;
		};
/* End PBXFrameworksBuildPhase section */

/* Begin PBXGroup section */
		FA0D1A0B202C72D700EA4482 /* GameLogic */ = {
			isa = PBXGroup;
			children = (
				FA614EEC20162FA700BBE06A /* Board.swift */,
				FACE9AC42015948900100679 /* Cell.swift */,
				FA0D1A09202C729F00EA4482 /* Ball.swift */,
				FAC9E847202C6DFF00089C5D /* Coordinates.swift */,
			);
			path = GameLogic;
			sourceTree = "<group>";
		};
		FA0D1A0C202C72EA00EA4482 /* Views */ = {
			isa = PBXGroup;
			children = (
				FACE9AC82015E55000100679 /* BoardView.swift */,
				FA614EEA201611E300BBE06A /* CellButton.swift */,
				FA17DABB2016892F009DAC71 /* BallView.swift */,
			);
			path = Views;
			sourceTree = "<group>";
		};
		FA17DABE2016898C009DAC71 /* Supporting Files */ = {
			isa = PBXGroup;
			children = (
				FA5137D12013E81E00C17871 /* AppDelegate.swift */,
				FACE9AC62015949F00100679 /* Extensions.swift */,
				FA5137D82013E81E00C17871 /* Assets.xcassets */,
				FA5137DA2013E81E00C17871 /* LaunchScreen.storyboard */,
			);
			path = "Supporting Files";
			sourceTree = "<group>";
		};
		FA5137C52013E81E00C17871 = {
			isa = PBXGroup;
			children = (
				FA5137D02013E81E00C17871 /* Line98 */,
				FA5137CF2013E81E00C17871 /* Products */,
			);
			sourceTree = "<group>";
		};
		FA5137CF2013E81E00C17871 /* Products */ = {
			isa = PBXGroup;
			children = (
				FA5137CE2013E81E00C17871 /* Line98.app */,
			);
			name = Products;
			sourceTree = "<group>";
		};
		FA5137D02013E81E00C17871 /* Line98 */ = {
			isa = PBXGroup;
			children = (
				FA0D1A0B202C72D700EA4482 /* GameLogic */,
				FA0D1A0C202C72EA00EA4482 /* Views */,
				FA5137D32013E81E00C17871 /* GameViewController.swift */,
				FA0D1A0D202C75EF00EA4482 /* ShortestPathStep.swift */,
				FAC9E845202C6B6200089C5D /* AStarPathfinder.swift */,
				FA5137DD2013E81E00C17871 /* Info.plist */,
				FA17DABE2016898C009DAC71 /* Supporting Files */,
			);
			path = Line98;
			sourceTree = "<group>";
		};
/* End PBXGroup section */

/* Begin PBXNativeTarget section */
		FA5137CD2013E81E00C17871 /* Line98 */ = {
			isa = PBXNativeTarget;
			buildConfigurationList = FA5137E02013E81E00C17871 /* Build configuration list for PBXNativeTarget "Line98" */;
			buildPhases = (
				FA5137CA2013E81E00C17871 /* Sources */,
				FA5137CB2013E81E00C17871 /* Frameworks */,
				FA5137CC2013E81E00C17871 /* Resources */,
			);
			buildRules = (
			);
			dependencies = (
			);
			name = Line98;
			productName = Line98;
			productReference = FA5137CE2013E81E00C17871 /* Line98.app */;
			productType = "com.apple.product-type.application";
		};
/* End PBXNativeTarget section */

/* Begin PBXProject section */
		FA5137C62013E81E00C17871 /* Project object */ = {
			isa = PBXProject;
			attributes = {
				LastSwiftUpdateCheck = 0920;
				LastUpgradeCheck = 0920;
				ORGANIZATIONNAME = Glaphi;
				TargetAttributes = {
					FA5137CD2013E81E00C17871 = {
						CreatedOnToolsVersion = 9.2;
						ProvisioningStyle = Automatic;
					};
				};
			};
			buildConfigurationList = FA5137C92013E81E00C17871 /* Build configuration list for PBXProject "Line98" */;
			compatibilityVersion = "Xcode 8.0";
			developmentRegion = en;
			hasScannedForEncodings = 0;
			knownRegions = (
				en,
				Base,
			);
			mainGroup = FA5137C52013E81E00C17871;
			productRefGroup = FA5137CF2013E81E00C17871 /* Products */;
			projectDirPath = "";
			projectRoot = "";
			targets = (
				FA5137CD2013E81E00C17871 /* Line98 */,
			);
		};
/* End PBXProject section */

/* Begin PBXResourcesBuildPhase section */
		FA5137CC2013E81E00C17871 /* Resources */ = {
			isa = PBXResourcesBuildPhase;
			buildActionMask = 2147483647;
			files = (
				FA5137DC2013E81E00C17871 /* LaunchScreen.storyboard in Resources */,
				FA5137D92013E81E00C17871 /* Assets.xcassets in Resources */,
			);
			runOnlyForDeploymentPostprocessing = 0;
		};
/* End PBXResourcesBuildPhase section */

/* Begin PBXSourcesBuildPhase section */
		FA5137CA2013E81E00C17871 /* Sources */ = {
			isa = PBXSourcesBuildPhase;
			buildActionMask = 2147483647;
			files = (
				FA0D1A0A202C729F00EA4482 /* Ball.swift in Sources */,
				FA5137D42013E81E00C17871 /* GameViewController.swift in Sources */,
				FA614EED20162FA700BBE06A /* Board.swift in Sources */,
				FACE9AC52015948900100679 /* Cell.swift in Sources */,
				FAC9E846202C6B6200089C5D /* AStarPathfinder.swift in Sources */,
				FACE9AC92015E55000100679 /* BoardView.swift in Sources */,
				FA0D1A0E202C75EF00EA4482 /* ShortestPathStep.swift in Sources */,
				FA614EEB201611E300BBE06A /* CellButton.swift in Sources */,
				FA5137D22013E81E00C17871 /* AppDelegate.swift in Sources */,
				FAC9E848202C6DFF00089C5D /* Coordinates.swift in Sources */,
				FACE9AC72015949F00100679 /* Extensions.swift in Sources */,
				FA17DABC2016892F009DAC71 /* BallView.swift in Sources */,
			);
			runOnlyForDeploymentPostprocessing = 0;
		};
/* End PBXSourcesBuildPhase section */

/* Begin PBXVariantGroup section */
		FA5137DA2013E81E00C17871 /* LaunchScreen.storyboard */ = {
			isa = PBXVariantGroup;
			children = (
				FA5137DB2013E81E00C17871 /* Base */,
			);
			name = LaunchScreen.storyboard;
			sourceTree = "<group>";
		};
/* End PBXVariantGroup section */

/* Begin XCBuildConfiguration section */
		FA5137DE2013E81E00C17871 /* Debug */ = {
			isa = XCBuildConfiguration;
			buildSettings = {
				ALWAYS_SEARCH_USER_PATHS = NO;
				CLANG_ANALYZER_NONNULL = YES;
				CLANG_ANALYZER_NUMBER_OBJECT_CONVERSION = YES_AGGRESSIVE;
				CLANG_CXX_LANGUAGE_STANDARD = "gnu++14";
				CLANG_CXX_LIBRARY = "libc++";
				CLANG_ENABLE_MODULES = YES;
				CLANG_ENABLE_OBJC_ARC = YES;
				CLANG_WARN_BLOCK_CAPTURE_AUTORELEASING = YES;
				CLANG_WARN_BOOL_CONVERSION = YES;
				CLANG_WARN_COMMA = YES;
				CLANG_WARN_CONSTANT_CONVERSION = YES;
				CLANG_WARN_DIRECT_OBJC_ISA_USAGE = YES_ERROR;
				CLANG_WARN_DOCUMENTATION_COMMENTS = YES;
				CLANG_WARN_EMPTY_BODY = YES;
				CLANG_WARN_ENUM_CONVERSION = YES;
				CLANG_WARN_INFINITE_RECURSION = YES;
				CLANG_WARN_INT_CONVERSION = YES;
				CLANG_WARN_NON_LITERAL_NULL_CONVERSION = YES;
				CLANG_WARN_OBJC_LITERAL_CONVERSION = YES;
				CLANG_WARN_OBJC_ROOT_CLASS = YES_ERROR;
				CLANG_WARN_RANGE_LOOP_ANALYSIS = YES;
				CLANG_WARN_STRICT_PROTOTYPES = YES;
				CLANG_WARN_SUSPICIOUS_MOVE = YES;
				CLANG_WARN_UNGUARDED_AVAILABILITY = YES_AGGRESSIVE;
				CLANG_WARN_UNREACHABLE_CODE = YES;
				CLANG_WARN__DUPLICATE_METHOD_MATCH = YES;
				CODE_SIGN_IDENTITY = "iPhone Developer";
				COPY_PHASE_STRIP = NO;
				DEBUG_INFORMATION_FORMAT = dwarf;
				ENABLE_STRICT_OBJC_MSGSEND = YES;
				ENABLE_TESTABILITY = YES;
				GCC_C_LANGUAGE_STANDARD = gnu11;
				GCC_DYNAMIC_NO_PIC = NO;
				GCC_NO_COMMON_BLOCKS = YES;
				GCC_OPTIMIZATION_LEVEL = 0;
				GCC_PREPROCESSOR_DEFINITIONS = (
					"DEBUG=1",
					"$(inherited)",
				);
				GCC_WARN_64_TO_32_BIT_CONVERSION = YES;
				GCC_WARN_ABOUT_RETURN_TYPE = YES_ERROR;
				GCC_WARN_UNDECLARED_SELECTOR = YES;
				GCC_WARN_UNINITIALIZED_AUTOS = YES_AGGRESSIVE;
				GCC_WARN_UNUSED_FUNCTION = YES;
				GCC_WARN_UNUSED_VARIABLE = YES;
				IPHONEOS_DEPLOYMENT_TARGET = 11.2;
				MTL_ENABLE_DEBUG_INFO = YES;
				ONLY_ACTIVE_ARCH = YES;
				SDKROOT = iphoneos;
				SWIFT_ACTIVE_COMPILATION_CONDITIONS = DEBUG;
				SWIFT_OPTIMIZATION_LEVEL = "-Onone";
			};
			name = Debug;
		};
		FA5137DF2013E81E00C17871 /* Release */ = {
			isa = XCBuildConfiguration;
			buildSettings = {
				ALWAYS_SEARCH_USER_PATHS = NO;
				CLANG_ANALYZER_NONNULL = YES;
				CLANG_ANALYZER_NUMBER_OBJECT_CONVERSION = YES_AGGRESSIVE;
				CLANG_CXX_LANGUAGE_STANDARD = "gnu++14";
				CLANG_CXX_LIBRARY = "libc++";
				CLANG_ENABLE_MODULES = YES;
				CLANG_ENABLE_OBJC_ARC = YES;
				CLANG_WARN_BLOCK_CAPTURE_AUTORELEASING = YES;
				CLANG_WARN_BOOL_CONVERSION = YES;
				CLANG_WARN_COMMA = YES;
				CLANG_WARN_CONSTANT_CONVERSION = YES;
				CLANG_WARN_DIRECT_OBJC_ISA_USAGE = YES_ERROR;
				CLANG_WARN_DOCUMENTATION_COMMENTS = YES;
				CLANG_WARN_EMPTY_BODY = YES;
				CLANG_WARN_ENUM_CONVERSION = YES;
				CLANG_WARN_INFINITE_RECURSION = YES;
				CLANG_WARN_INT_CONVERSION = YES;
				CLANG_WARN_NON_LITERAL_NULL_CONVERSION = YES;
				CLANG_WARN_OBJC_LITERAL_CONVERSION = YES;
				CLANG_WARN_OBJC_ROOT_CLASS = YES_ERROR;
				CLANG_WARN_RANGE_LOOP_ANALYSIS = YES;
				CLANG_WARN_STRICT_PROTOTYPES = YES;
				CLANG_WARN_SUSPICIOUS_MOVE = YES;
				CLANG_WARN_UNGUARDED_AVAILABILITY = YES_AGGRESSIVE;
				CLANG_WARN_UNREACHABLE_CODE = YES;
				CLANG_WARN__DUPLICATE_METHOD_MATCH = YES;
				CODE_SIGN_IDENTITY = "iPhone Developer";
				COPY_PHASE_STRIP = NO;
				DEBUG_INFORMATION_FORMAT = "dwarf-with-dsym";
				ENABLE_NS_ASSERTIONS = NO;
				ENABLE_STRICT_OBJC_MSGSEND = YES;
				GCC_C_LANGUAGE_STANDARD = gnu11;
				GCC_NO_COMMON_BLOCKS = YES;
				GCC_WARN_64_TO_32_BIT_CONVERSION = YES;
				GCC_WARN_ABOUT_RETURN_TYPE = YES_ERROR;
				GCC_WARN_UNDECLARED_SELECTOR = YES;
				GCC_WARN_UNINITIALIZED_AUTOS = YES_AGGRESSIVE;
				GCC_WARN_UNUSED_FUNCTION = YES;
				GCC_WARN_UNUSED_VARIABLE = YES;
				IPHONEOS_DEPLOYMENT_TARGET = 11.2;
				MTL_ENABLE_DEBUG_INFO = NO;
				SDKROOT = iphoneos;
				SWIFT_OPTIMIZATION_LEVEL = "-Owholemodule";
				VALIDATE_PRODUCT = YES;
			};
			name = Release;
		};
		FA5137E12013E81E00C17871 /* Debug */ = {
			isa = XCBuildConfiguration;
			buildSettings = {
				ASSETCATALOG_COMPILER_APPICON_NAME = AppIcon;
				CODE_SIGN_STYLE = Automatic;
				DEVELOPMENT_TEAM = CWMQ47K6W3;
				INFOPLIST_FILE = Line98/Info.plist;
				LD_RUNPATH_SEARCH_PATHS = "$(inherited) @executable_path/Frameworks";
				PRODUCT_BUNDLE_IDENTIFIER = com.glaphi.Line98;
				PRODUCT_NAME = "$(TARGET_NAME)";
				SWIFT_VERSION = 4.0;
				TARGETED_DEVICE_FAMILY = "1,2";
			};
			name = Debug;
		};
		FA5137E22013E81E00C17871 /* Release */ = {
			isa = XCBuildConfiguration;
			buildSettings = {
				ASSETCATALOG_COMPILER_APPICON_NAME = AppIcon;
				CODE_SIGN_STYLE = Automatic;
				DEVELOPMENT_TEAM = CWMQ47K6W3;
				INFOPLIST_FILE = Line98/Info.plist;
				LD_RUNPATH_SEARCH_PATHS = "$(inherited) @executable_path/Frameworks";
				PRODUCT_BUNDLE_IDENTIFIER = com.glaphi.Line98;
				PRODUCT_NAME = "$(TARGET_NAME)";
				SWIFT_VERSION = 4.0;
				TARGETED_DEVICE_FAMILY = "1,2";
			};
			name = Release;
		};
/* End XCBuildConfiguration section */

/* Begin XCConfigurationList section */
		FA5137C92013E81E00C17871 /* Build configuration list for PBXProject "Line98" */ = {
			isa = XCConfigurationList;
			buildConfigurations = (
				FA5137DE2013E81E00C17871 /* Debug */,
				FA5137DF2013E81E00C17871 /* Release */,
			);
			defaultConfigurationIsVisible = 0;
			defaultConfigurationName = Release;
		};
		FA5137E02013E81E00C17871 /* Build configuration list for PBXNativeTarget "Line98" */ = {
			isa = XCConfigurationList;
			buildConfigurations = (
				FA5137E12013E81E00C17871 /* Debug */,
				FA5137E22013E81E00C17871 /* Release */,
			);
			defaultConfigurationIsVisible = 0;
			defaultConfigurationName = Release;
		};
/* End XCConfigurationList section */
	};
	rootObject = FA5137C62013E81E00C17871 /* Project object */;
}
